
Microsoft Visual Studio Solution File, Format Version 12.00
# Visual Studio Version 16
VisualStudioVersion = 16.0.34114.132
MinimumVisualStudioVersion = 10.0.40219.1
Project("{2150E333-8FDC-42A3-9474-1A3956D46DE8}") = "Task0", "Task0", "{F5158DC5-D286-43E8-94C6-93F5F4BB91B9}"
EndProject
Project("{FAE04EC0-301F-11D3-BF4B-00C04F79EFBC}") = "Tyuiu.KasenovAE.Sprint5.Task0.V11", "Tyuiu.KasenovAE.Sprint5.Task0.V11\Tyuiu.KasenovAE.Sprint5.Task0.V11.csproj", "{7173147C-72E8-4080-A7CB-676B12D9F3B5}"
EndProject
Project("{FAE04EC0-301F-11D3-BF4B-00C04F79EFBC}") = "Tyuiu.KasenovAE.Sprint5.Task0.V11.Test", "Tyuiu.KasenovAE.Sprint5.Task0.V11.Test\Tyuiu.KasenovAE.Sprint5.Task0.V11.Test.csproj", "{2F8443B5-6B74-4360-82D1-C2709BB4B1CF}"
EndProject
Project("{FAE04EC0-301F-11D3-BF4B-00C04F79EFBC}") = "Tyuiu.KasenovAE.Sprint5.Task0.V11.Lib", "Tyuiu.KasenovAE.Sprint5.Task0.V11.Lib\Tyuiu.KasenovAE.Sprint5.Task0.V11.Lib.csproj", "{4CABD6A3-AC22-4E22-AFC5-124D46DB7F24}"
EndProject
Project("{2150E333-8FDC-42A3-9474-1A3956D46DE8}") = "Task1", "Task1", "{D0CE0D2B-1EB4-48EB-A2E3-9E1B88C43D33}"
EndProject
Project("{FAE04EC0-301F-11D3-BF4B-00C04F79EFBC}") = "Tyuiu.KasenovAE.Sprint5.Task1.V8", "Tyuiu.KasenovAE.Sprint5.Task1.V8\Tyuiu.KasenovAE.Sprint5.Task1.V8.csproj", "{6E45BB2A-7FE3-4BEB-AA38-A8B4E8ADA562}"
EndProject
Project("{FAE04EC0-301F-11D3-BF4B-00C04F79EFBC}") = "Tyuiu.KasenovAE.Sprint5.Task1.V8.Test", "Tyuiu.KasenovAE.Sprint5.Task1.V8.Test\Tyuiu.KasenovAE.Sprint5.Task1.V8.Test.csproj", "{8F2E62C7-2327-461C-AACB-1D6509AC6CF6}"
EndProject
Project("{FAE04EC0-301F-11D3-BF4B-00C04F79EFBC}") = "Tyuiu.KasenovAE.Sprint5.Task1.V8.Lib", "Tyuiu.KasenovAE.Sprint5.Task1.V8.Lib\Tyuiu.KasenovAE.Sprint5.Task1.V8.Lib.csproj", "{5C31B017-04EE-4629-BD37-BCC894354A4A}"
EndProject
Global
	GlobalSection(SolutionConfigurationPlatforms) = preSolution
		Debug|Any CPU = Debug|Any CPU
		Release|Any CPU = Release|Any CPU
	EndGlobalSection
	GlobalSection(ProjectConfigurationPlatforms) = postSolution
		{7173147C-72E8-4080-A7CB-676B12D9F3B5}.Debug|Any CPU.ActiveCfg = Debug|Any CPU
		{7173147C-72E8-4080-A7CB-676B12D9F3B5}.Debug|Any CPU.Build.0 = Debug|Any CPU
		{7173147C-72E8-4080-A7CB-676B12D9F3B5}.Release|Any CPU.ActiveCfg = Release|Any CPU
		{7173147C-72E8-4080-A7CB-676B12D9F3B5}.Release|Any CPU.Build.0 = Release|Any CPU
		{2F8443B5-6B74-4360-82D1-C2709BB4B1CF}.Debug|Any CPU.ActiveCfg = Debug|Any CPU
		{2F8443B5-6B74-4360-82D1-C2709BB4B1CF}.Debug|Any CPU.Build.0 = Debug|Any CPU
		{2F8443B5-6B74-4360-82D1-C2709BB4B1CF}.Release|Any CPU.ActiveCfg = Release|Any CPU
		{2F8443B5-6B74-4360-82D1-C2709BB4B1CF}.Release|Any CPU.Build.0 = Release|Any CPU
		{4CABD6A3-AC22-4E22-AFC5-124D46DB7F24}.Debug|Any CPU.ActiveCfg = Debug|Any CPU
		{4CABD6A3-AC22-4E22-AFC5-124D46DB7F24}.Debug|Any CPU.Build.0 = Debug|Any CPU
		{4CABD6A3-AC22-4E22-AFC5-124D46DB7F24}.Release|Any CPU.ActiveCfg = Release|Any CPU
		{4CABD6A3-AC22-4E22-AFC5-124D46DB7F24}.Release|Any CPU.Build.0 = Release|Any CPU
		{6E45BB2A-7FE3-4BEB-AA38-A8B4E8ADA562}.Debug|Any CPU.ActiveCfg = Debug|Any CPU
		{6E45BB2A-7FE3-4BEB-AA38-A8B4E8ADA562}.Debug|Any CPU.Build.0 = Debug|Any CPU
		{6E45BB2A-7FE3-4BEB-AA38-A8B4E8ADA562}.Release|Any CPU.ActiveCfg = Release|Any CPU
		{6E45BB2A-7FE3-4BEB-AA38-A8B4E8ADA562}.Release|Any CPU.Build.0 = Release|Any CPU
		{8F2E62C7-2327-461C-AACB-1D6509AC6CF6}.Debug|Any CPU.ActiveCfg = Debug|Any CPU
		{8F2E62C7-2327-461C-AACB-1D6509AC6CF6}.Debug|Any CPU.Build.0 = Debug|Any CPU
		{8F2E62C7-2327-461C-AACB-1D6509AC6CF6}.Release|Any CPU.ActiveCfg = Release|Any CPU
		{8F2E62C7-2327-461C-AACB-1D6509AC6CF6}.Release|Any CPU.Build.0 = Release|Any CPU
		{5C31B017-04EE-4629-BD37-BCC894354A4A}.Debug|Any CPU.ActiveCfg = Debug|Any CPU
		{5C31B017-04EE-4629-BD37-BCC894354A4A}.Debug|Any CPU.Build.0 = Debug|Any CPU
		{5C31B017-04EE-4629-BD37-BCC894354A4A}.Release|Any CPU.ActiveCfg = Release|Any CPU
		{5C31B017-04EE-4629-BD37-BCC894354A4A}.Release|Any CPU.Build.0 = Release|Any CPU
	EndGlobalSection
	GlobalSection(SolutionProperties) = preSolution
		HideSolutionNode = FALSE
	EndGlobalSection
	GlobalSection(NestedProjects) = preSolution
		{7173147C-72E8-4080-A7CB-676B12D9F3B5} = {F5158DC5-D286-43E8-94C6-93F5F4BB91B9}
		{2F8443B5-6B74-4360-82D1-C2709BB4B1CF} = {F5158DC5-D286-43E8-94C6-93F5F4BB91B9}
		{4CABD6A3-AC22-4E22-AFC5-124D46DB7F24} = {F5158DC5-D286-43E8-94C6-93F5F4BB91B9}
		{6E45BB2A-7FE3-4BEB-AA38-A8B4E8ADA562} = {D0CE0D2B-1EB4-48EB-A2E3-9E1B88C43D33}
		{8F2E62C7-2327-461C-AACB-1D6509AC6CF6} = {D0CE0D2B-1EB4-48EB-A2E3-9E1B88C43D33}
		{5C31B017-04EE-4629-BD37-BCC894354A4A} = {D0CE0D2B-1EB4-48EB-A2E3-9E1B88C43D33}
	EndGlobalSection
	GlobalSection(ExtensibilityGlobals) = postSolution
		SolutionGuid = {68A58A04-0A8F-4AAE-B657-241F77EEEDA7}
	EndGlobalSection
EndGlobal
